{
    "_meta": {
        "hash": {
            "sha256": "150797aee86e7697066ffbd9312929beb8e80c7902b586affd29774d6ce168ec"
        },
        "pipfile-spec": 6,
        "requires": {
            "python_version": "3.8"
        },
        "sources": [
            {
                "name": "pypi",
                "url": "https://pypi.org/simple",
                "verify_ssl": true
            }
        ]
    },
    "default": {
        "colorama": {
            "hashes": [
                "sha256:5941b2b48a20143d2267e95b1c2a7603ce057ee39fd88e7329b0c292aa16869b",
                "sha256:9f47eda37229f68eee03b24b9748937c7dc3868f906e8ba69fbcbdd3bc5dc3e2"
            ],
            "index": "pypi",
            "version": "==0.4.4"
        },
        "dataclasses": {
            "hashes": [
                "sha256:454a69d788c7fda44efd71e259be79577822f5e3f53f029a22d08004e951dc9f",
                "sha256:6988bd2b895eef432d562370bb707d540f32f7360ab13da45340101bc2307d84"
            ],
            "version": "==0.6"
        },
        "nuclear": {
            "hashes": [
                "sha256:b266929473dcf0c42c0f0c6f1f0717a29fcbcc000bdc5493ad7c5611aed0ccf3",
                "sha256:bf1655c50bb3a7e99c9025d0997051468699d12c00ac6fa5a0a18c5f1ea92a91"
            ],
            "index": "pypi",
            "version": "==1.1.10"
        }
    },
    "develop": {}
}
